// !$*UTF8*$!
{
	archiveVersion = 1;
	classes = {
	};
	objectVersion = 46;
	objects = {

/* Begin PBXBuildFile section */
		CE9C0AEF1BF432EE00AA90B8 /* main.m in Sources */ = {isa = PBXBuildFile; fileRef = CE9C0AEE1BF432EE00AA90B8 /* main.m */; };
		CE9C0AF21BF432EE00AA90B8 /* AppDelegate.m in Sources */ = {isa = PBXBuildFile; fileRef = CE9C0AF11BF432EE00AA90B8 /* AppDelegate.m */; };
		CE9C0AF51BF432EE00AA90B8 /* ViewController.m in Sources */ = {isa = PBXBuildFile; fileRef = CE9C0AF41BF432EE00AA90B8 /* ViewController.m */; };
		CE9C0AF81BF432EE00AA90B8 /* Main.storyboard in Resources */ = {isa = PBXBuildFile; fileRef = CE9C0AF61BF432EE00AA90B8 /* Main.storyboard */; };
		CE9C0AFA1BF432EE00AA90B8 /* Assets.xcassets in Resources */ = {isa = PBXBuildFile; fileRef = CE9C0AF91BF432EE00AA90B8 /* Assets.xcassets */; };
		CE9C0AFD1BF432EE00AA90B8 /* LaunchScreen.storyboard in Resources */ = {isa = PBXBuildFile; fileRef = CE9C0AFB1BF432EE00AA90B8 /* LaunchScreen.storyboard */; };
		CE9C0B051BF433AE00AA90B8 /* GCColorListVCTL.xib in Resources */ = {isa = PBXBuildFile; fileRef = CE9C0B041BF433AE00AA90B8 /* GCColorListVCTL.xib */; };
		CE9C0B071BF433BD00AA90B8 /* GCColorListVCTL.m in Sources */ = {isa = PBXBuildFile; fileRef = CE9C0B061BF433BD00AA90B8 /* GCColorListVCTL.m */; };
		CE9C0B0A1BF4340F00AA90B8 /* GCColorEditVCTL.m in Sources */ = {isa = PBXBuildFile; fileRef = CE9C0B091BF4340F00AA90B8 /* GCColorEditVCTL.m */; };
		CE9C0B0D1BF4341F00AA90B8 /* GCColorEditVCTL.xib in Resources */ = {isa = PBXBuildFile; fileRef = CE9C0B0C1BF4341F00AA90B8 /* GCColorEditVCTL.xib */; };
		CE9C0B0F1BF4364F00AA90B8 /* GCColorListView.xib in Resources */ = {isa = PBXBuildFile; fileRef = CE9C0B0E1BF4364F00AA90B8 /* GCColorListView.xib */; };
		CE9C0B111BF436D500AA90B8 /* GCColorListCell.m in Sources */ = {isa = PBXBuildFile; fileRef = CE9C0B101BF436D500AA90B8 /* GCColorListCell.m */; };
		CE9C0B421BF4410B00AA90B8 /* GCColorDefine.m in Sources */ = {isa = PBXBuildFile; fileRef = CE9C0B411BF4410B00AA90B8 /* GCColorDefine.m */; };
		CE9C0B451BF4416B00AA90B8 /* GCColorDataMgr.m in Sources */ = {isa = PBXBuildFile; fileRef = CE9C0B441BF4416B00AA90B8 /* GCColorDataMgr.m */; };
		CE9C0B481BF466C000AA90B8 /* GCStoreSystemMgr.m in Sources */ = {isa = PBXBuildFile; fileRef = CE9C0B471BF466C000AA90B8 /* GCStoreSystemMgr.m */; };
		CE9C0B4A1BF483E900AA90B8 /* libsqlite3.0.tbd in Frameworks */ = {isa = PBXBuildFile; fileRef = CE9C0B491BF483E900AA90B8 /* libsqlite3.0.tbd */; };
		CE9C0B721BF4A73300AA90B8 /* Images.xcassets in Resources */ = {isa = PBXBuildFile; fileRef = CE9C0B711BF4A73300AA90B8 /* Images.xcassets */; };
		CE9C0B741BF4B85300AA90B8 /* GCAlertView.m in Sources */ = {isa = PBXBuildFile; fileRef = CE9C0B731BF4B85300AA90B8 /* GCAlertView.m */; };
/* End PBXBuildFile section */

/* Begin PBXFileReference section */
		CE9C0AEA1BF432EE00AA90B8 /* MyApp.app */ = {isa = PBXFileReference; explicitFileType = wrapper.application; includeInIndex = 0; path = MyApp.app; sourceTree = BUILT_PRODUCTS_DIR; };
		CE9C0AEE1BF432EE00AA90B8 /* main.m */ = {isa = PBXFileReference; lastKnownFileType = sourcecode.c.objc; path = main.m; sourceTree = "<group>"; };
		CE9C0AF01BF432EE00AA90B8 /* AppDelegate.h */ = {isa = PBXFileReference; lastKnownFileType = sourcecode.c.h; path = AppDelegate.h; sourceTree = "<group>"; };
		CE9C0AF11BF432EE00AA90B8 /* AppDelegate.m */ = {isa = PBXFileReference; lastKnownFileType = sourcecode.c.objc; path = AppDelegate.m; sourceTree = "<group>"; };
		CE9C0AF31BF432EE00AA90B8 /* ViewController.h */ = {isa = PBXFileReference; lastKnownFileType = sourcecode.c.h; path = ViewController.h; sourceTree = "<group>"; };
		CE9C0AF41BF432EE00AA90B8 /* ViewController.m */ = {isa = PBXFileReference; lastKnownFileType = sourcecode.c.objc; path = ViewController.m; sourceTree = "<group>"; };
		CE9C0AF71BF432EE00AA90B8 /* Base */ = {isa = PBXFileReference; lastKnownFileType = file.storyboard; name = Base; path = Base.lproj/Main.storyboard; sourceTree = "<group>"; };
		CE9C0AF91BF432EE00AA90B8 /* Assets.xcassets */ = {isa = PBXFileReference; lastKnownFileType = folder.assetcatalog; path = Assets.xcassets; sourceTree = "<group>"; };
		CE9C0AFC1BF432EE00AA90B8 /* Base */ = {isa = PBXFileReference; lastKnownFileType = file.storyboard; name = Base; path = Base.lproj/LaunchScreen.storyboard; sourceTree = "<group>"; };
		CE9C0AFE1BF432EE00AA90B8 /* Info.plist */ = {isa = PBXFileReference; lastKnownFileType = text.plist.xml; path = Info.plist; sourceTree = "<group>"; };
		CE9C0B041BF433AE00AA90B8 /* GCColorListVCTL.xib */ = {isa = PBXFileReference; fileEncoding = 4; lastKnownFileType = file.xib; path = GCColorListVCTL.xib; sourceTree = "<group>"; };
		CE9C0B061BF433BD00AA90B8 /* GCColorListVCTL.m */ = {isa = PBXFileReference; fileEncoding = 4; lastKnownFileType = sourcecode.c.objc; path = GCColorListVCTL.m; sourceTree = "<group>"; };
		CE9C0B081BF433FB00AA90B8 /* GCColorListVCTL.h */ = {isa = PBXFileReference; lastKnownFileType = sourcecode.c.h; path = GCColorListVCTL.h; sourceTree = "<group>"; };
		CE9C0B091BF4340F00AA90B8 /* GCColorEditVCTL.m */ = {isa = PBXFileReference; fileEncoding = 4; lastKnownFileType = sourcecode.c.objc; path = GCColorEditVCTL.m; sourceTree = "<group>"; };
		CE9C0B0B1BF4341600AA90B8 /* GCColorEditVCTL.h */ = {isa = PBXFileReference; lastKnownFileType = sourcecode.c.h; path = GCColorEditVCTL.h; sourceTree = "<group>"; };
		CE9C0B0C1BF4341F00AA90B8 /* GCColorEditVCTL.xib */ = {isa = PBXFileReference; fileEncoding = 4; lastKnownFileType = file.xib; path = GCColorEditVCTL.xib; sourceTree = "<group>"; };
		CE9C0B0E1BF4364F00AA90B8 /* GCColorListView.xib */ = {isa = PBXFileReference; fileEncoding = 4; lastKnownFileType = file.xib; path = GCColorListView.xib; sourceTree = "<group>"; };
		CE9C0B101BF436D500AA90B8 /* GCColorListCell.m */ = {isa = PBXFileReference; fileEncoding = 4; lastKnownFileType = sourcecode.c.objc; path = GCColorListCell.m; sourceTree = "<group>"; };
		CE9C0B121BF436DC00AA90B8 /* GCColorListCell.h */ = {isa = PBXFileReference; lastKnownFileType = sourcecode.c.h; path = GCColorListCell.h; sourceTree = "<group>"; };
		CE9C0B401BF4410B00AA90B8 /* GCColorDefine.h */ = {isa = PBXFileReference; fileEncoding = 4; lastKnownFileType = sourcecode.c.h; path = GCColorDefine.h; sourceTree = "<group>"; };
		CE9C0B411BF4410B00AA90B8 /* GCColorDefine.m */ = {isa = PBXFileReference; fileEncoding = 4; lastKnownFileType = sourcecode.c.objc; path = GCColorDefine.m; sourceTree = "<group>"; };
		CE9C0B431BF4416B00AA90B8 /* GCColorDataMgr.h */ = {isa = PBXFileReference; fileEncoding = 4; lastKnownFileType = sourcecode.c.h; path = GCColorDataMgr.h; sourceTree = "<group>"; };
		CE9C0B441BF4416B00AA90B8 /* GCColorDataMgr.m */ = {isa = PBXFileReference; fileEncoding = 4; lastKnownFileType = sourcecode.c.objc; path = GCColorDataMgr.m; sourceTree = "<group>"; };
		CE9C0B461BF466C000AA90B8 /* GCStoreSystemMgr.h */ = {isa = PBXFileReference; fileEncoding = 4; lastKnownFileType = sourcecode.c.h; path = GCStoreSystemMgr.h; sourceTree = "<group>"; };
		CE9C0B471BF466C000AA90B8 /* GCStoreSystemMgr.m */ = {isa = PBXFileReference; fileEncoding = 4; lastKnownFileType = sourcecode.c.objc; path = GCStoreSystemMgr.m; sourceTree = "<group>"; };
		CE9C0B491BF483E900AA90B8 /* libsqlite3.0.tbd */ = {isa = PBXFileReference; lastKnownFileType = "sourcecode.text-based-dylib-definition"; name = libsqlite3.0.tbd; path = usr/lib/libsqlite3.0.tbd; sourceTree = SDKROOT; };
		CE9C0B711BF4A73300AA90B8 /* Images.xcassets */ = {isa = PBXFileReference; lastKnownFileType = folder.assetcatalog; path = Images.xcassets; sourceTree = "<group>"; };
		CE9C0B731BF4B85300AA90B8 /* GCAlertView.m */ = {isa = PBXFileReference; fileEncoding = 4; lastKnownFileType = sourcecode.c.objc; name = GCAlertView.m; path = ../GCAlertView.m; sourceTree = "<group>"; };
		CE9C0B751BF4B85C00AA90B8 /* GCAlertView.h */ = {isa = PBXFileReference; lastKnownFileType = sourcecode.c.h; name = GCAlertView.h; path = ../GCAlertView.h; sourceTree = "<group>"; };
/* End PBXFileReference section */

/* Begin PBXFrameworksBuildPhase section */
		CE9C0AE71BF432EE00AA90B8 /* Frameworks */ = {
			isa = PBXFrameworksBuildPhase;
			buildActionMask = 2147483647;
			files = (
				CE9C0B4A1BF483E900AA90B8 /* libsqlite3.0.tbd in Frameworks */,
			);
			runOnlyForDeploymentPostprocessing = 0;
		};
/* End PBXFrameworksBuildPhase section */

/* Begin PBXGroup section */
		CE9C0AE11BF432EE00AA90B8 = {
			isa = PBXGroup;
			children = (
				CE9C0B491BF483E900AA90B8 /* libsqlite3.0.tbd */,
				CE9C0AEC1BF432EE00AA90B8 /* MyApp */,
				CE9C0AEB1BF432EE00AA90B8 /* Products */,
			);
			sourceTree = "<group>";
		};
		CE9C0AEB1BF432EE00AA90B8 /* Products */ = {
			isa = PBXGroup;
			children = (
				CE9C0AEA1BF432EE00AA90B8 /* MyApp.app */,
			);
			name = Products;
			sourceTree = "<group>";
		};
		CE9C0AEC1BF432EE00AA90B8 /* MyApp */ = {
			isa = PBXGroup;
			children = (
				CE9C0AF01BF432EE00AA90B8 /* AppDelegate.h */,
				CE9C0AF11BF432EE00AA90B8 /* AppDelegate.m */,
				CE9C0AF31BF432EE00AA90B8 /* ViewController.h */,
				CE9C0AF41BF432EE00AA90B8 /* ViewController.m */,
				CE9C0AF61BF432EE00AA90B8 /* Main.storyboard */,
				CE9C0AF91BF432EE00AA90B8 /* Assets.xcassets */,
				CE9C0AFB1BF432EE00AA90B8 /* LaunchScreen.storyboard */,
				CE9C0AFE1BF432EE00AA90B8 /* Info.plist */,
				CE9C0AED1BF432EE00AA90B8 /* Supporting Files */,
				CE9C0B041BF433AE00AA90B8 /* GCColorListVCTL.xib */,
				CE9C0B061BF433BD00AA90B8 /* GCColorListVCTL.m */,
				CE9C0B081BF433FB00AA90B8 /* GCColorListVCTL.h */,
				CE9C0B091BF4340F00AA90B8 /* GCColorEditVCTL.m */,
				CE9C0B0B1BF4341600AA90B8 /* GCColorEditVCTL.h */,
				CE9C0B0C1BF4341F00AA90B8 /* GCColorEditVCTL.xib */,
				CE9C0B0E1BF4364F00AA90B8 /* GCColorListView.xib */,
				CE9C0B751BF4B85C00AA90B8 /* GCAlertView.h */,
				CE9C0B731BF4B85300AA90B8 /* GCAlertView.m */,
				CE9C0B101BF436D500AA90B8 /* GCColorListCell.m */,
				CE9C0B121BF436DC00AA90B8 /* GCColorListCell.h */,
				CE9C0B401BF4410B00AA90B8 /* GCColorDefine.h */,
				CE9C0B411BF4410B00AA90B8 /* GCColorDefine.m */,
				CE9C0B431BF4416B00AA90B8 /* GCColorDataMgr.h */,
				CE9C0B441BF4416B00AA90B8 /* GCColorDataMgr.m */,
				CE9C0B461BF466C000AA90B8 /* GCStoreSystemMgr.h */,
				CE9C0B471BF466C000AA90B8 /* GCStoreSystemMgr.m */,
				CE9C0B711BF4A73300AA90B8 /* Images.xcassets */,
			);
			path = MyApp;
			sourceTree = "<group>";
		};
		CE9C0AED1BF432EE00AA90B8 /* Supporting Files */ = {
			isa = PBXGroup;
			children = (
				CE9C0AEE1BF432EE00AA90B8 /* main.m */,
			);
			name = "Supporting Files";
			sourceTree = "<group>";
		};
/* End PBXGroup section */

/* Begin PBXNativeTarget section */
		CE9C0AE91BF432EE00AA90B8 /* MyApp */ = {
			isa = PBXNativeTarget;
			buildConfigurationList = CE9C0B011BF432EE00AA90B8 /* Build configuration list for PBXNativeTarget "MyApp" */;
			buildPhases = (
				CE9C0AE61BF432EE00AA90B8 /* Sources */,
				CE9C0AE71BF432EE00AA90B8 /* Frameworks */,
				CE9C0AE81BF432EE00AA90B8 /* Resources */,
			);
			buildRules = (
			);
			dependencies = (
			);
			name = MyApp;
			productName = MyApp;
			productReference = CE9C0AEA1BF432EE00AA90B8 /* MyApp.app */;
			productType = "com.apple.product-type.application";
		};
/* End PBXNativeTarget section */

/* Begin PBXProject section */
		CE9C0AE21BF432EE00AA90B8 /* Project object */ = {
			isa = PBXProject;
			attributes = {
				LastUpgradeCheck = 0710;
				ORGANIZATIONNAME = user;
				TargetAttributes = {
					CE9C0AE91BF432EE00AA90B8 = {
						CreatedOnToolsVersion = 7.1;
						DevelopmentTeam = 6URA9L9CB5;
					};
				};
			};
			buildConfigurationList = CE9C0AE51BF432EE00AA90B8 /* Build configuration list for PBXProject "MyApp" */;
			compatibilityVersion = "Xcode 3.2";
			developmentRegion = English;
			hasScannedForEncodings = 0;
			knownRegions = (
				en,
				Base,
			);
			mainGroup = CE9C0AE11BF432EE00AA90B8;
			productRefGroup = CE9C0AEB1BF432EE00AA90B8 /* Products */;
			projectDirPath = "";
			projectRoot = "";
			targets = (
				CE9C0AE91BF432EE00AA90B8 /* MyApp */,
			);
		};
/* End PBXProject section */

/* Begin PBXResourcesBuildPhase section */
		CE9C0AE81BF432EE00AA90B8 /* Resources */ = {
			isa = PBXResourcesBuildPhase;
			buildActionMask = 2147483647;
			files = (
				CE9C0B0F1BF4364F00AA90B8 /* GCColorListView.xib in Resources */,
				CE9C0AFD1BF432EE00AA90B8 /* LaunchScreen.storyboard in Resources */,
				CE9C0B721BF4A73300AA90B8 /* Images.xcassets in Resources */,
				CE9C0AFA1BF432EE00AA90B8 /* Assets.xcassets in Resources */,
				CE9C0B0D1BF4341F00AA90B8 /* GCColorEditVCTL.xib in Resources */,
				CE9C0B051BF433AE00AA90B8 /* GCColorListVCTL.xib in Resources */,
				CE9C0AF81BF432EE00AA90B8 /* Main.storyboard in Resources */,
			);
			runOnlyForDeploymentPostprocessing = 0;
		};
/* End PBXResourcesBuildPhase section */

/* Begin PBXSourcesBuildPhase section */
		CE9C0AE61BF432EE00AA90B8 /* Sources */ = {
			isa = PBXSourcesBuildPhase;
			buildActionMask = 2147483647;
			files = (
				CE9C0AF51BF432EE00AA90B8 /* ViewController.m in Sources */,
				CE9C0AF21BF432EE00AA90B8 /* AppDelegate.m in Sources */,
				CE9C0B071BF433BD00AA90B8 /* GCColorListVCTL.m in Sources */,
				CE9C0AEF1BF432EE00AA90B8 /* main.m in Sources */,
				CE9C0B451BF4416B00AA90B8 /* GCColorDataMgr.m in Sources */,
				CE9C0B421BF4410B00AA90B8 /* GCColorDefine.m in Sources */,
				CE9C0B0A1BF4340F00AA90B8 /* GCColorEditVCTL.m in Sources */,
				CE9C0B741BF4B85300AA90B8 /* GCAlertView.m in Sources */,
				CE9C0B111BF436D500AA90B8 /* GCColorListCell.m in Sources */,
				CE9C0B481BF466C000AA90B8 /* GCStoreSystemMgr.m in Sources */,
			);
			runOnlyForDeploymentPostprocessing = 0;
		};
/* End PBXSourcesBuildPhase section */

/* Begin PBXVariantGroup section */
		CE9C0AF61BF432EE00AA90B8 /* Main.storyboard */ = {
			isa = PBXVariantGroup;
			children = (
				CE9C0AF71BF432EE00AA90B8 /* Base */,
			);
			name = Main.storyboard;
			sourceTree = "<group>";
		};
		CE9C0AFB1BF432EE00AA90B8 /* LaunchScreen.storyboard */ = {
			isa = PBXVariantGroup;
			children = (
				CE9C0AFC1BF432EE00AA90B8 /* Base */,
			);
			name = LaunchScreen.storyboard;
			sourceTree = "<group>";
		};
/* End PBXVariantGroup section */

/* Begin XCBuildConfiguration section */
		CE9C0AFF1BF432EE00AA90B8 /* Debug */ = {
			isa = XCBuildConfiguration;
			buildSettings = {
				ALWAYS_SEARCH_USER_PATHS = NO;
				CLANG_CXX_LANGUAGE_STANDARD = "gnu++0x";
				CLANG_CXX_LIBRARY = "libc++";
				CLANG_ENABLE_MODULES = YES;
				CLANG_ENABLE_OBJC_ARC = YES;
				CLANG_WARN_BOOL_CONVERSION = YES;
				CLANG_WARN_CONSTANT_CONVERSION = YES;
				CLANG_WARN_DIRECT_OBJC_ISA_USAGE = YES_ERROR;
				CLANG_WARN_EMPTY_BODY = YES;
				CLANG_WARN_ENUM_CONVERSION = YES;
				CLANG_WARN_INT_CONVERSION = YES;
				CLANG_WARN_OBJC_ROOT_CLASS = YES_ERROR;
				CLANG_WARN_UNREACHABLE_CODE = YES;
				CLANG_WARN__DUPLICATE_METHOD_MATCH = YES;
				"CODE_SIGN_IDENTITY[sdk=iphoneos*]" = "iPhone Developer";
				COPY_PHASE_STRIP = NO;
				DEBUG_INFORMATION_FORMAT = dwarf;
				ENABLE_STRICT_OBJC_MSGSEND = YES;
				ENABLE_TESTABILITY = YES;
				GCC_C_LANGUAGE_STANDARD = gnu99;
				GCC_DYNAMIC_NO_PIC = NO;
				GCC_NO_COMMON_BLOCKS = YES;
				GCC_OPTIMIZATION_LEVEL = 0;
				GCC_PREPROCESSOR_DEFINITIONS = (
					"DEBUG=1",
					"$(inherited)",
				);
				GCC_WARN_64_TO_32_BIT_CONVERSION = YES;
				GCC_WARN_ABOUT_RETURN_TYPE = YES_ERROR;
				GCC_WARN_UNDECLARED_SELECTOR = YES;
				GCC_WARN_UNINITIALIZED_AUTOS = YES_AGGRESSIVE;
				GCC_WARN_UNUSED_FUNCTION = YES;
				GCC_WARN_UNUSED_VARIABLE = YES;
				IPHONEOS_DEPLOYMENT_TARGET = 9.1;
				MTL_ENABLE_DEBUG_INFO = YES;
				ONLY_ACTIVE_ARCH = YES;
				SDKROOT = iphoneos;
				TARGETED_DEVICE_FAMILY = "1,2";
			};
			name = Debug;
		};
		CE9C0B001BF432EE00AA90B8 /* Release */ = {
			isa = XCBuildConfiguration;
			buildSettings = {
				ALWAYS_SEARCH_USER_PATHS = NO;
				CLANG_CXX_LANGUAGE_STANDARD = "gnu++0x";
				CLANG_CXX_LIBRARY = "libc++";
				CLANG_ENABLE_MODULES = YES;
				CLANG_ENABLE_OBJC_ARC = YES;
				CLANG_WARN_BOOL_CONVERSION = YES;
				CLANG_WARN_CONSTANT_CONVERSION = YES;
				CLANG_WARN_DIRECT_OBJC_ISA_USAGE = YES_ERROR;
				CLANG_WARN_EMPTY_BODY = YES;
				CLANG_WARN_ENUM_CONVERSION = YES;
				CLANG_WARN_INT_CONVERSION = YES;
				CLANG_WARN_OBJC_ROOT_CLASS = YES_ERROR;
				CLANG_WARN_UNREACHABLE_CODE = YES;
				CLANG_WARN__DUPLICATE_METHOD_MATCH = YES;
				"CODE_SIGN_IDENTITY[sdk=iphoneos*]" = "iPhone Developer";
				COPY_PHASE_STRIP = NO;
				DEBUG_INFORMATION_FORMAT = "dwarf-with-dsym";
				ENABLE_NS_ASSERTIONS = NO;
				ENABLE_STRICT_OBJC_MSGSEND = YES;
				GCC_C_LANGUAGE_STANDARD = gnu99;
				GCC_NO_COMMON_BLOCKS = YES;
				GCC_WARN_64_TO_32_BIT_CONVERSION = YES;
				GCC_WARN_ABOUT_RETURN_TYPE = YES_ERROR;
				GCC_WARN_UNDECLARED_SELECTOR = YES;
				GCC_WARN_UNINITIALIZED_AUTOS = YES_AGGRESSIVE;
				GCC_WARN_UNUSED_FUNCTION = YES;
				GCC_WARN_UNUSED_VARIABLE = YES;
				IPHONEOS_DEPLOYMENT_TARGET = 9.1;
				MTL_ENABLE_DEBUG_INFO = NO;
				SDKROOT = iphoneos;
				TARGETED_DEVICE_FAMILY = "1,2";
				VALIDATE_PRODUCT = YES;
			};
			name = Release;
		};
		CE9C0B021BF432EE00AA90B8 /* Debug */ = {
			isa = XCBuildConfiguration;
			buildSettings = {
				ASSETCATALOG_COMPILER_APPICON_NAME = AppIcon;
				CODE_SIGN_IDENTITY = "iPhone Developer";
				INFOPLIST_FILE = MyApp/Info.plist;
				IPHONEOS_DEPLOYMENT_TARGET = 7.0;
				LD_RUNPATH_SEARCH_PATHS = "$(inherited) @executable_path/Frameworks";
				PRODUCT_BUNDLE_IDENTIFIER = com.ruoogle.gamechat;
				PRODUCT_NAME = "$(TARGET_NAME)";
				PROVISIONING_PROFILE = "62d6fcec-30bc-467e-9179-06a8215b0767";
			};
			name = Debug;
		};
		CE9C0B031BF432EE00AA90B8 /* Release */ = {
			isa = XCBuildConfiguration;
			buildSettings = {
				ASSETCATALOG_COMPILER_APPICON_NAME = AppIcon;
				CODE_SIGN_IDENTITY = "iPhone Developer";
				INFOPLIST_FILE = MyApp/Info.plist;
				IPHONEOS_DEPLOYMENT_TARGET = 7.0;
				LD_RUNPATH_SEARCH_PATHS = "$(inherited) @executable_path/Frameworks";
				PRODUCT_BUNDLE_IDENTIFIER = com.ruoogle.gamechat;
				PRODUCT_NAME = "$(TARGET_NAME)";
				PROVISIONING_PROFILE = "62d6fcec-30bc-467e-9179-06a8215b0767";
			};
			name = Release;
		};
/* End XCBuildConfiguration section */

/* Begin XCConfigurationList section */
		CE9C0AE51BF432EE00AA90B8 /* Build configuration list for PBXProject "MyApp" */ = {
			isa = XCConfigurationList;
			buildConfigurations = (
				CE9C0AFF1BF432EE00AA90B8 /* Debug */,
				CE9C0B001BF432EE00AA90B8 /* Release */,
			);
			defaultConfigurationIsVisible = 0;
			defaultConfigurationName = Release;
		};
		CE9C0B011BF432EE00AA90B8 /* Build configuration list for PBXNativeTarget "MyApp" */ = {
			isa = XCConfigurationList;
			buildConfigurations = (
				CE9C0B021BF432EE00AA90B8 /* Debug */,
				CE9C0B031BF432EE00AA90B8 /* Release */,
			);
			defaultConfigurationIsVisible = 0;
		};
/* End XCConfigurationList section */
	};
	rootObject = CE9C0AE21BF432EE00AA90B8 /* Project object */;
}
